
Microsoft Visual Studio Solution File, Format Version 12.00
# Visual Studio 15
VisualStudioVersion = 15.0.28307.572
MinimumVisualStudioVersion = 10.0.40219.1
Project("{FAE04EC0-301F-11D3-BF4B-00C04F79EFBC}") = "Web_ecomerce2", "Web_ecomerce2\Web_ecomerce2.csproj", "{0CF13830-115F-4B9A-84EB-7FCC289D1172}"
EndProject
Global
	GlobalSection(SolutionConfigurationPlatforms) = preSolution
		Debug|Any CPU = Debug|Any CPU
		Release|Any CPU = Release|Any CPU
	EndGlobalSection
	GlobalSection(ProjectConfigurationPlatforms) = postSolution
		{0CF13830-115F-4B9A-84EB-7FCC289D1172}.Debug|Any CPU.ActiveCfg = Debug|Any CPU
		{0CF13830-115F-4B9A-84EB-7FCC289D1172}.Debug|Any CPU.Build.0 = Debug|Any CPU
		{0CF13830-115F-4B9A-84EB-7FCC289D1172}.Release|Any CPU.ActiveCfg = Release|Any CPU
		{0CF13830-115F-4B9A-84EB-7FCC289D1172}.Release|Any CPU.Build.0 = Release|Any CPU
	EndGlobalSection
	GlobalSection(SolutionProperties) = preSolution
		HideSolutionNode = FALSE
	EndGlobalSection
	GlobalSection(ExtensibilityGlobals) = postSolution
		SolutionGuid = {ACCEC958-51E7-4D8A-8926-46BC3A389DB7}
	EndGlobalSection
EndGlobal
